
Microsoft Visual Studio Solution File, Format Version 11.00
# Visual Studio 2010
Project("{FAE04EC0-301F-11D3-BF4B-00C04F79EFBC}") = "Tutor Master", "Tutor Master\Tutor Master.csproj", "{46E2ADD0-3CE3-4D12-A6E5-59CF824B7B11}"
EndProject
Global
	GlobalSection(SolutionConfigurationPlatforms) = preSolution
		Debug|x86 = Debug|x86
		Release|x86 = Release|x86
	EndGlobalSection
	GlobalSection(ProjectConfigurationPlatforms) = postSolution
		{46E2ADD0-3CE3-4D12-A6E5-59CF824B7B11}.Debug|x86.ActiveCfg = Debug|x86
		{46E2ADD0-3CE3-4D12-A6E5-59CF824B7B11}.Debug|x86.Build.0 = Debug|x86
		{46E2ADD0-3CE3-4D12-A6E5-59CF824B7B11}.Release|x86.ActiveCfg = Release|x86
		{46E2ADD0-3CE3-4D12-A6E5-59CF824B7B11}.Release|x86.Build.0 = Release|x86
	EndGlobalSection
	GlobalSection(SolutionProperties) = preSolution
		HideSolutionNode = FALSE
	EndGlobalSection
EndGlobal
